// !$*UTF8*$!
{
	archiveVersion = 1;
	classes = {
	};
	objectVersion = 56;
	objects = {

/* Begin PBXBuildFile section */
		222B0E8329AC99E600905615 /* AppDelegate.swift in Sources */ = {isa = PBXBuildFile; fileRef = 222B0E8229AC99E600905615 /* AppDelegate.swift */; };
		222B0E8529AC99E600905615 /* SceneDelegate.swift in Sources */ = {isa = PBXBuildFile; fileRef = 222B0E8429AC99E600905615 /* SceneDelegate.swift */; };
		222B0E8729AC99E600905615 /* ViewController.swift in Sources */ = {isa = PBXBuildFile; fileRef = 222B0E8629AC99E600905615 /* ViewController.swift */; };
		222B0E8A29AC99E600905615 /* Main.storyboard in Resources */ = {isa = PBXBuildFile; fileRef = 222B0E8829AC99E600905615 /* Main.storyboard */; };
		222B0E8C29AC99E700905615 /* Assets.xcassets in Resources */ = {isa = PBXBuildFile; fileRef = 222B0E8B29AC99E700905615 /* Assets.xcassets */; };
		222B0E8F29AC99E700905615 /* LaunchScreen.storyboard in Resources */ = {isa = PBXBuildFile; fileRef = 222B0E8D29AC99E700905615 /* LaunchScreen.storyboard */; };
		222B0E9729ACA1D700905615 /* Article.swift in Sources */ = {isa = PBXBuildFile; fileRef = 222B0E9629ACA1D700905615 /* Article.swift */; };
		222B0E9B29ACF37100905615 /* ArticleTableViewCell.swift in Sources */ = {isa = PBXBuildFile; fileRef = 222B0E9A29ACF37100905615 /* ArticleTableViewCell.swift */; };
		22326CC629B8CCC0001C5DD9 /* SideMenu.swift in Sources */ = {isa = PBXBuildFile; fileRef = 22326CC529B8CCC0001C5DD9 /* SideMenu.swift */; };
		22326CCE29C897BB001C5DD9 /* ArticleTableViewController.swift in Sources */ = {isa = PBXBuildFile; fileRef = 22326CCD29C897BB001C5DD9 /* ArticleTableViewController.swift */; };
		22326CD029CCAB27001C5DD9 /* InformationViewController.swift in Sources */ = {isa = PBXBuildFile; fileRef = 22326CCF29CCAB27001C5DD9 /* InformationViewController.swift */; };
		22326CD229D30B21001C5DD9 /* Tournaments.swift in Sources */ = {isa = PBXBuildFile; fileRef = 22326CD129D30B21001C5DD9 /* Tournaments.swift */; };
		22326CD429D58E59001C5DD9 /* ScheduleViewController.swift in Sources */ = {isa = PBXBuildFile; fileRef = 22326CD329D58E59001C5DD9 /* ScheduleViewController.swift */; };
		2289A8DA29DC6F8D001D770A /* UILabelExtensions.swift in Sources */ = {isa = PBXBuildFile; fileRef = 2289A8D929DC6F8D001D770A /* UILabelExtensions.swift */; };
		2289A8DC29DC7000001D770A /* UIStackViewExtensions.swift in Sources */ = {isa = PBXBuildFile; fileRef = 2289A8DB29DC7000001D770A /* UIStackViewExtensions.swift */; };
		2289A8DE29DC7580001D770A /* UITextViewExtensions.swift in Sources */ = {isa = PBXBuildFile; fileRef = 2289A8DD29DC7580001D770A /* UITextViewExtensions.swift */; };
		22F1C0B629AE3F6F00213ED1 /* ArticleDetailViewController.swift in Sources */ = {isa = PBXBuildFile; fileRef = 22F1C0B529AE3F6F00213ED1 /* ArticleDetailViewController.swift */; };
		63E7012E099E0D298FF64A49 /* Pods_RookScholar.framework in Frameworks */ = {isa = PBXBuildFile; fileRef = 18C3154C03BD6570BA29C446 /* Pods_RookScholar.framework */; };
/* End PBXBuildFile section */

/* Begin PBXFileReference section */
		18C3154C03BD6570BA29C446 /* Pods_RookScholar.framework */ = {isa = PBXFileReference; explicitFileType = wrapper.framework; includeInIndex = 0; path = Pods_RookScholar.framework; sourceTree = BUILT_PRODUCTS_DIR; };
		222B0E7F29AC99E600905615 /* RookScholar.app */ = {isa = PBXFileReference; explicitFileType = wrapper.application; includeInIndex = 0; path = RookScholar.app; sourceTree = BUILT_PRODUCTS_DIR; };
		222B0E8229AC99E600905615 /* AppDelegate.swift */ = {isa = PBXFileReference; lastKnownFileType = sourcecode.swift; path = AppDelegate.swift; sourceTree = "<group>"; };
		222B0E8429AC99E600905615 /* SceneDelegate.swift */ = {isa = PBXFileReference; lastKnownFileType = sourcecode.swift; path = SceneDelegate.swift; sourceTree = "<group>"; };
		222B0E8629AC99E600905615 /* ViewController.swift */ = {isa = PBXFileReference; lastKnownFileType = sourcecode.swift; path = ViewController.swift; sourceTree = "<group>"; };
		222B0E8929AC99E600905615 /* Base */ = {isa = PBXFileReference; lastKnownFileType = file.storyboard; name = Base; path = Base.lproj/Main.storyboard; sourceTree = "<group>"; };
		222B0E8B29AC99E700905615 /* Assets.xcassets */ = {isa = PBXFileReference; lastKnownFileType = folder.assetcatalog; path = Assets.xcassets; sourceTree = "<group>"; };
		222B0E8E29AC99E700905615 /* Base */ = {isa = PBXFileReference; lastKnownFileType = file.storyboard; name = Base; path = Base.lproj/LaunchScreen.storyboard; sourceTree = "<group>"; };
		222B0E9029AC99E700905615 /* Info.plist */ = {isa = PBXFileReference; lastKnownFileType = text.plist.xml; path = Info.plist; sourceTree = "<group>"; };
		222B0E9629ACA1D700905615 /* Article.swift */ = {isa = PBXFileReference; lastKnownFileType = sourcecode.swift; path = Article.swift; sourceTree = "<group>"; };
		222B0E9A29ACF37100905615 /* ArticleTableViewCell.swift */ = {isa = PBXFileReference; lastKnownFileType = sourcecode.swift; path = ArticleTableViewCell.swift; sourceTree = "<group>"; };
		22326CC529B8CCC0001C5DD9 /* SideMenu.swift */ = {isa = PBXFileReference; lastKnownFileType = sourcecode.swift; path = SideMenu.swift; sourceTree = "<group>"; };
		22326CCD29C897BB001C5DD9 /* ArticleTableViewController.swift */ = {isa = PBXFileReference; lastKnownFileType = sourcecode.swift; path = ArticleTableViewController.swift; sourceTree = "<group>"; };
		22326CCF29CCAB27001C5DD9 /* InformationViewController.swift */ = {isa = PBXFileReference; lastKnownFileType = sourcecode.swift; path = InformationViewController.swift; sourceTree = "<group>"; };
		22326CD129D30B21001C5DD9 /* Tournaments.swift */ = {isa = PBXFileReference; lastKnownFileType = sourcecode.swift; path = Tournaments.swift; sourceTree = "<group>"; };
		22326CD329D58E59001C5DD9 /* ScheduleViewController.swift */ = {isa = PBXFileReference; lastKnownFileType = sourcecode.swift; path = ScheduleViewController.swift; sourceTree = "<group>"; };
		2289A8D929DC6F8D001D770A /* UILabelExtensions.swift */ = {isa = PBXFileReference; lastKnownFileType = sourcecode.swift; path = UILabelExtensions.swift; sourceTree = "<group>"; };
		2289A8DB29DC7000001D770A /* UIStackViewExtensions.swift */ = {isa = PBXFileReference; lastKnownFileType = sourcecode.swift; path = UIStackViewExtensions.swift; sourceTree = "<group>"; };
		2289A8DD29DC7580001D770A /* UITextViewExtensions.swift */ = {isa = PBXFileReference; lastKnownFileType = sourcecode.swift; path = UITextViewExtensions.swift; sourceTree = "<group>"; };
		22F1C0B529AE3F6F00213ED1 /* ArticleDetailViewController.swift */ = {isa = PBXFileReference; lastKnownFileType = sourcecode.swift; path = ArticleDetailViewController.swift; sourceTree = "<group>"; };
		30B14B9071FE816594DD1AAB /* Pods-RookScholar.debug.xcconfig */ = {isa = PBXFileReference; includeInIndex = 1; lastKnownFileType = text.xcconfig; name = "Pods-RookScholar.debug.xcconfig"; path = "Target Support Files/Pods-RookScholar/Pods-RookScholar.debug.xcconfig"; sourceTree = "<group>"; };
		78773E41CE94BB5B81FBBA84 /* Pods-RookScholar.release.xcconfig */ = {isa = PBXFileReference; includeInIndex = 1; lastKnownFileType = text.xcconfig; name = "Pods-RookScholar.release.xcconfig"; path = "Target Support Files/Pods-RookScholar/Pods-RookScholar.release.xcconfig"; sourceTree = "<group>"; };
/* End PBXFileReference section */

/* Begin PBXFrameworksBuildPhase section */
		222B0E7C29AC99E600905615 /* Frameworks */ = {
			isa = PBXFrameworksBuildPhase;
			buildActionMask = 2147483647;
			files = (
				63E7012E099E0D298FF64A49 /* Pods_RookScholar.framework in Frameworks */,
			);
			runOnlyForDeploymentPostprocessing = 0;
		};
/* End PBXFrameworksBuildPhase section */

/* Begin PBXGroup section */
		222B0E7629AC99E600905615 = {
			isa = PBXGroup;
			children = (
				222B0E8129AC99E600905615 /* RookScholar */,
				222B0E8029AC99E600905615 /* Products */,
				8CD85F005E394E206A151997 /* Pods */,
				DF1A3F988795AB5B5F1BED26 /* Frameworks */,
			);
			sourceTree = "<group>";
		};
		222B0E8029AC99E600905615 /* Products */ = {
			isa = PBXGroup;
			children = (
				222B0E7F29AC99E600905615 /* RookScholar.app */,
			);
			name = Products;
			sourceTree = "<group>";
		};
		222B0E8129AC99E600905615 /* RookScholar */ = {
			isa = PBXGroup;
			children = (
				2289A8D829DC6F34001D770A /* Extensions */,
				22326CCD29C897BB001C5DD9 /* ArticleTableViewController.swift */,
				222B0E8229AC99E600905615 /* AppDelegate.swift */,
				222B0E8429AC99E600905615 /* SceneDelegate.swift */,
				222B0E8629AC99E600905615 /* ViewController.swift */,
				222B0E9A29ACF37100905615 /* ArticleTableViewCell.swift */,
				222B0E8829AC99E600905615 /* Main.storyboard */,
				22326CCF29CCAB27001C5DD9 /* InformationViewController.swift */,
				22326CD329D58E59001C5DD9 /* ScheduleViewController.swift */,
				22F1C0B529AE3F6F00213ED1 /* ArticleDetailViewController.swift */,
				22326CC529B8CCC0001C5DD9 /* SideMenu.swift */,
				222B0E9629ACA1D700905615 /* Article.swift */,
				22326CD129D30B21001C5DD9 /* Tournaments.swift */,
				222B0E8B29AC99E700905615 /* Assets.xcassets */,
				222B0E8D29AC99E700905615 /* LaunchScreen.storyboard */,
				222B0E9029AC99E700905615 /* Info.plist */,
			);
			path = RookScholar;
			sourceTree = "<group>";
		};
		2289A8D829DC6F34001D770A /* Extensions */ = {
			isa = PBXGroup;
			children = (
				2289A8D929DC6F8D001D770A /* UILabelExtensions.swift */,
				2289A8DB29DC7000001D770A /* UIStackViewExtensions.swift */,
				2289A8DD29DC7580001D770A /* UITextViewExtensions.swift */,
			);
			path = Extensions;
			sourceTree = "<group>";
		};
		8CD85F005E394E206A151997 /* Pods */ = {
			isa = PBXGroup;
			children = (
				30B14B9071FE816594DD1AAB /* Pods-RookScholar.debug.xcconfig */,
				78773E41CE94BB5B81FBBA84 /* Pods-RookScholar.release.xcconfig */,
			);
			path = Pods;
			sourceTree = "<group>";
		};
		DF1A3F988795AB5B5F1BED26 /* Frameworks */ = {
			isa = PBXGroup;
			children = (
				18C3154C03BD6570BA29C446 /* Pods_RookScholar.framework */,
			);
			name = Frameworks;
			sourceTree = "<group>";
		};
/* End PBXGroup section */

/* Begin PBXNativeTarget section */
		222B0E7E29AC99E600905615 /* RookScholar */ = {
			isa = PBXNativeTarget;
			buildConfigurationList = 222B0E9329AC99E700905615 /* Build configuration list for PBXNativeTarget "RookScholar" */;
			buildPhases = (
				E1F865F771EA2E8CA22274D2 /* [CP] Check Pods Manifest.lock */,
				222B0E7B29AC99E600905615 /* Sources */,
				222B0E7C29AC99E600905615 /* Frameworks */,
				222B0E7D29AC99E600905615 /* Resources */,
				24891D3E67C9E678AE033049 /* [CP] Embed Pods Frameworks */,
			);
			buildRules = (
			);
			dependencies = (
			);
			name = RookScholar;
			productName = RookScholar;
			productReference = 222B0E7F29AC99E600905615 /* RookScholar.app */;
			productType = "com.apple.product-type.application";
		};
/* End PBXNativeTarget section */

/* Begin PBXProject section */
		222B0E7729AC99E600905615 /* Project object */ = {
			isa = PBXProject;
			attributes = {
				BuildIndependentTargetsInParallel = 1;
				LastSwiftUpdateCheck = 1420;
				LastUpgradeCheck = 1420;
				TargetAttributes = {
					222B0E7E29AC99E600905615 = {
						CreatedOnToolsVersion = 14.2;
					};
				};
			};
			buildConfigurationList = 222B0E7A29AC99E600905615 /* Build configuration list for PBXProject "RookScholar" */;
			compatibilityVersion = "Xcode 14.0";
			developmentRegion = en;
			hasScannedForEncodings = 0;
			knownRegions = (
				en,
				Base,
			);
			mainGroup = 222B0E7629AC99E600905615;
			productRefGroup = 222B0E8029AC99E600905615 /* Products */;
			projectDirPath = "";
			projectRoot = "";
			targets = (
				222B0E7E29AC99E600905615 /* RookScholar */,
			);
		};
/* End PBXProject section */

/* Begin PBXResourcesBuildPhase section */
		222B0E7D29AC99E600905615 /* Resources */ = {
			isa = PBXResourcesBuildPhase;
			buildActionMask = 2147483647;
			files = (
				222B0E8F29AC99E700905615 /* LaunchScreen.storyboard in Resources */,
				222B0E8C29AC99E700905615 /* Assets.xcassets in Resources */,
				222B0E8A29AC99E600905615 /* Main.storyboard in Resources */,
			);
			runOnlyForDeploymentPostprocessing = 0;
		};
/* End PBXResourcesBuildPhase section */

/* Begin PBXShellScriptBuildPhase section */
		24891D3E67C9E678AE033049 /* [CP] Embed Pods Frameworks */ = {
			isa = PBXShellScriptBuildPhase;
			buildActionMask = 2147483647;
			files = (
			);
			inputFileListPaths = (
				"${PODS_ROOT}/Target Support Files/Pods-RookScholar/Pods-RookScholar-frameworks-${CONFIGURATION}-input-files.xcfilelist",
			);
			name = "[CP] Embed Pods Frameworks";
			outputFileListPaths = (
				"${PODS_ROOT}/Target Support Files/Pods-RookScholar/Pods-RookScholar-frameworks-${CONFIGURATION}-output-files.xcfilelist",
			);
			runOnlyForDeploymentPostprocessing = 0;
			shellPath = /bin/sh;
			shellScript = "\"${PODS_ROOT}/Target Support Files/Pods-RookScholar/Pods-RookScholar-frameworks.sh\"\n";
			showEnvVarsInLog = 0;
		};
		E1F865F771EA2E8CA22274D2 /* [CP] Check Pods Manifest.lock */ = {
			isa = PBXShellScriptBuildPhase;
			buildActionMask = 2147483647;
			files = (
			);
			inputFileListPaths = (
			);
			inputPaths = (
				"${PODS_PODFILE_DIR_PATH}/Podfile.lock",
				"${PODS_ROOT}/Manifest.lock",
			);
			name = "[CP] Check Pods Manifest.lock";
			outputFileListPaths = (
			);
			outputPaths = (
				"$(DERIVED_FILE_DIR)/Pods-RookScholar-checkManifestLockResult.txt",
			);
			runOnlyForDeploymentPostprocessing = 0;
			shellPath = /bin/sh;
			shellScript = "diff \"${PODS_PODFILE_DIR_PATH}/Podfile.lock\" \"${PODS_ROOT}/Manifest.lock\" > /dev/null\nif [ $? != 0 ] ; then\n    # print error to STDERR\n    echo \"error: The sandbox is not in sync with the Podfile.lock. Run 'pod install' or update your CocoaPods installation.\" >&2\n    exit 1\nfi\n# This output is used by Xcode 'outputs' to avoid re-running this script phase.\necho \"SUCCESS\" > \"${SCRIPT_OUTPUT_FILE_0}\"\n";
			showEnvVarsInLog = 0;
		};
/* End PBXShellScriptBuildPhase section */

/* Begin PBXSourcesBuildPhase section */
		222B0E7B29AC99E600905615 /* Sources */ = {
			isa = PBXSourcesBuildPhase;
			buildActionMask = 2147483647;
			files = (
				22326CCE29C897BB001C5DD9 /* ArticleTableViewController.swift in Sources */,
				22326CD229D30B21001C5DD9 /* Tournaments.swift in Sources */,
				22326CD429D58E59001C5DD9 /* ScheduleViewController.swift in Sources */,
				222B0E9729ACA1D700905615 /* Article.swift in Sources */,
				222B0E8729AC99E600905615 /* ViewController.swift in Sources */,
				22326CC629B8CCC0001C5DD9 /* SideMenu.swift in Sources */,
				22F1C0B629AE3F6F00213ED1 /* ArticleDetailViewController.swift in Sources */,
				2289A8DE29DC7580001D770A /* UITextViewExtensions.swift in Sources */,
				222B0E8329AC99E600905615 /* AppDelegate.swift in Sources */,
				2289A8DA29DC6F8D001D770A /* UILabelExtensions.swift in Sources */,
				222B0E9B29ACF37100905615 /* ArticleTableViewCell.swift in Sources */,
				222B0E8529AC99E600905615 /* SceneDelegate.swift in Sources */,
				2289A8DC29DC7000001D770A /* UIStackViewExtensions.swift in Sources */,
				22326CD029CCAB27001C5DD9 /* InformationViewController.swift in Sources */,
			);
			runOnlyForDeploymentPostprocessing = 0;
		};
/* End PBXSourcesBuildPhase section */

/* Begin PBXVariantGroup section */
		222B0E8829AC99E600905615 /* Main.storyboard */ = {
			isa = PBXVariantGroup;
			children = (
				222B0E8929AC99E600905615 /* Base */,
			);
			name = Main.storyboard;
			sourceTree = "<group>";
		};
		222B0E8D29AC99E700905615 /* LaunchScreen.storyboard */ = {
			isa = PBXVariantGroup;
			children = (
				222B0E8E29AC99E700905615 /* Base */,
			);
			name = LaunchScreen.storyboard;
			sourceTree = "<group>";
		};
/* End PBXVariantGroup section */

/* Begin XCBuildConfiguration section */
		222B0E9129AC99E700905615 /* Debug */ = {
			isa = XCBuildConfiguration;
			buildSettings = {
				ALWAYS_SEARCH_USER_PATHS = NO;
				CLANG_ANALYZER_NONNULL = YES;
				CLANG_ANALYZER_NUMBER_OBJECT_CONVERSION = YES_AGGRESSIVE;
				CLANG_CXX_LANGUAGE_STANDARD = "gnu++20";
				CLANG_ENABLE_MODULES = YES;
				CLANG_ENABLE_OBJC_ARC = YES;
				CLANG_ENABLE_OBJC_WEAK = YES;
				CLANG_WARN_BLOCK_CAPTURE_AUTORELEASING = YES;
				CLANG_WARN_BOOL_CONVERSION = YES;
				CLANG_WARN_COMMA = YES;
				CLANG_WARN_CONSTANT_CONVERSION = YES;
				CLANG_WARN_DEPRECATED_OBJC_IMPLEMENTATIONS = YES;
				CLANG_WARN_DIRECT_OBJC_ISA_USAGE = YES_ERROR;
				CLANG_WARN_DOCUMENTATION_COMMENTS = YES;
				CLANG_WARN_EMPTY_BODY = YES;
				CLANG_WARN_ENUM_CONVERSION = YES;
				CLANG_WARN_INFINITE_RECURSION = YES;
				CLANG_WARN_INT_CONVERSION = YES;
				CLANG_WARN_NON_LITERAL_NULL_CONVERSION = YES;
				CLANG_WARN_OBJC_IMPLICIT_RETAIN_SELF = YES;
				CLANG_WARN_OBJC_LITERAL_CONVERSION = YES;
				CLANG_WARN_OBJC_ROOT_CLASS = YES_ERROR;
				CLANG_WARN_QUOTED_INCLUDE_IN_FRAMEWORK_HEADER = YES;
				CLANG_WARN_RANGE_LOOP_ANALYSIS = YES;
				CLANG_WARN_STRICT_PROTOTYPES = YES;
				CLANG_WARN_SUSPICIOUS_MOVE = YES;
				CLANG_WARN_UNGUARDED_AVAILABILITY = YES_AGGRESSIVE;
				CLANG_WARN_UNREACHABLE_CODE = YES;
				CLANG_WARN__DUPLICATE_METHOD_MATCH = YES;
				COPY_PHASE_STRIP = NO;
				DEBUG_INFORMATION_FORMAT = dwarf;
				ENABLE_STRICT_OBJC_MSGSEND = YES;
				ENABLE_TESTABILITY = YES;
				GCC_C_LANGUAGE_STANDARD = gnu11;
				GCC_DYNAMIC_NO_PIC = NO;
				GCC_NO_COMMON_BLOCKS = YES;
				GCC_OPTIMIZATION_LEVEL = 0;
				GCC_PREPROCESSOR_DEFINITIONS = (
					"DEBUG=1",
					"$(inherited)",
				);
				GCC_WARN_64_TO_32_BIT_CONVERSION = YES;
				GCC_WARN_ABOUT_RETURN_TYPE = YES_ERROR;
				GCC_WARN_UNDECLARED_SELECTOR = YES;
				GCC_WARN_UNINITIALIZED_AUTOS = YES_AGGRESSIVE;
				GCC_WARN_UNUSED_FUNCTION = YES;
				GCC_WARN_UNUSED_VARIABLE = YES;
				IPHONEOS_DEPLOYMENT_TARGET = 16.2;
				MTL_ENABLE_DEBUG_INFO = INCLUDE_SOURCE;
				MTL_FAST_MATH = YES;
				ONLY_ACTIVE_ARCH = YES;
				SDKROOT = iphoneos;
				SWIFT_ACTIVE_COMPILATION_CONDITIONS = DEBUG;
				SWIFT_OPTIMIZATION_LEVEL = "-Onone";
			};
			name = Debug;
		};
		222B0E9229AC99E700905615 /* Release */ = {
			isa = XCBuildConfiguration;
			buildSettings = {
				ALWAYS_SEARCH_USER_PATHS = NO;
				CLANG_ANALYZER_NONNULL = YES;
				CLANG_ANALYZER_NUMBER_OBJECT_CONVERSION = YES_AGGRESSIVE;
				CLANG_CXX_LANGUAGE_STANDARD = "gnu++20";
				CLANG_ENABLE_MODULES = YES;
				CLANG_ENABLE_OBJC_ARC = YES;
				CLANG_ENABLE_OBJC_WEAK = YES;
				CLANG_WARN_BLOCK_CAPTURE_AUTORELEASING = YES;
				CLANG_WARN_BOOL_CONVERSION = YES;
				CLANG_WARN_COMMA = YES;
				CLANG_WARN_CONSTANT_CONVERSION = YES;
				CLANG_WARN_DEPRECATED_OBJC_IMPLEMENTATIONS = YES;
				CLANG_WARN_DIRECT_OBJC_ISA_USAGE = YES_ERROR;
				CLANG_WARN_DOCUMENTATION_COMMENTS = YES;
				CLANG_WARN_EMPTY_BODY = YES;
				CLANG_WARN_ENUM_CONVERSION = YES;
				CLANG_WARN_INFINITE_RECURSION = YES;
				CLANG_WARN_INT_CONVERSION = YES;
				CLANG_WARN_NON_LITERAL_NULL_CONVERSION = YES;
				CLANG_WARN_OBJC_IMPLICIT_RETAIN_SELF = YES;
				CLANG_WARN_OBJC_LITERAL_CONVERSION = YES;
				CLANG_WARN_OBJC_ROOT_CLASS = YES_ERROR;
				CLANG_WARN_QUOTED_INCLUDE_IN_FRAMEWORK_HEADER = YES;
				CLANG_WARN_RANGE_LOOP_ANALYSIS = YES;
				CLANG_WARN_STRICT_PROTOTYPES = YES;
				CLANG_WARN_SUSPICIOUS_MOVE = YES;
				CLANG_WARN_UNGUARDED_AVAILABILITY = YES_AGGRESSIVE;
				CLANG_WARN_UNREACHABLE_CODE = YES;
				CLANG_WARN__DUPLICATE_METHOD_MATCH = YES;
				COPY_PHASE_STRIP = NO;
				DEBUG_INFORMATION_FORMAT = "dwarf-with-dsym";
				ENABLE_NS_ASSERTIONS = NO;
				ENABLE_STRICT_OBJC_MSGSEND = YES;
				GCC_C_LANGUAGE_STANDARD = gnu11;
				GCC_NO_COMMON_BLOCKS = YES;
				GCC_WARN_64_TO_32_BIT_CONVERSION = YES;
				GCC_WARN_ABOUT_RETURN_TYPE = YES_ERROR;
				GCC_WARN_UNDECLARED_SELECTOR = YES;
				GCC_WARN_UNINITIALIZED_AUTOS = YES_AGGRESSIVE;
				GCC_WARN_UNUSED_FUNCTION = YES;
				GCC_WARN_UNUSED_VARIABLE = YES;
				IPHONEOS_DEPLOYMENT_TARGET = 16.2;
				MTL_ENABLE_DEBUG_INFO = NO;
				MTL_FAST_MATH = YES;
				SDKROOT = iphoneos;
				SWIFT_COMPILATION_MODE = wholemodule;
				SWIFT_OPTIMIZATION_LEVEL = "-O";
				VALIDATE_PRODUCT = YES;
			};
			name = Release;
		};
		222B0E9429AC99E700905615 /* Debug */ = {
			isa = XCBuildConfiguration;
			baseConfigurationReference = 30B14B9071FE816594DD1AAB /* Pods-RookScholar.debug.xcconfig */;
			buildSettings = {
				ASSETCATALOG_COMPILER_APPICON_NAME = AppIcon;
				ASSETCATALOG_COMPILER_GLOBAL_ACCENT_COLOR_NAME = AccentColor;
				CODE_SIGN_STYLE = Automatic;
				CURRENT_PROJECT_VERSION = 1;
				DEVELOPMENT_TEAM = P9HCF88VHS;
				GENERATE_INFOPLIST_FILE = YES;
				INFOPLIST_FILE = RookScholar/Info.plist;
				INFOPLIST_KEY_UIApplicationSupportsIndirectInputEvents = YES;
				INFOPLIST_KEY_UILaunchStoryboardName = LaunchScreen;
				INFOPLIST_KEY_UIMainStoryboardFile = Main;
				INFOPLIST_KEY_UISupportedInterfaceOrientations_iPad = "UIInterfaceOrientationPortrait UIInterfaceOrientationPortraitUpsideDown UIInterfaceOrientationLandscapeLeft UIInterfaceOrientationLandscapeRight";
				INFOPLIST_KEY_UISupportedInterfaceOrientations_iPhone = "UIInterfaceOrientationPortrait UIInterfaceOrientationLandscapeLeft UIInterfaceOrientationLandscapeRight";
				LD_RUNPATH_SEARCH_PATHS = (
					"$(inherited)",
					"@executable_path/Frameworks",
				);
				MARKETING_VERSION = 1.0;
				PRODUCT_BUNDLE_IDENTIFIER = com.dany.RookScholar;
				PRODUCT_NAME = "$(TARGET_NAME)";
				SWIFT_EMIT_LOC_STRINGS = YES;
				SWIFT_VERSION = 5.0;
				TARGETED_DEVICE_FAMILY = "1,2";
			};
			name = Debug;
		};
		222B0E9529AC99E700905615 /* Release */ = {
			isa = XCBuildConfiguration;
			baseConfigurationReference = 78773E41CE94BB5B81FBBA84 /* Pods-RookScholar.release.xcconfig */;
			buildSettings = {
				ASSETCATALOG_COMPILER_APPICON_NAME = AppIcon;
				ASSETCATALOG_COMPILER_GLOBAL_ACCENT_COLOR_NAME = AccentColor;
				CODE_SIGN_STYLE = Automatic;
				CURRENT_PROJECT_VERSION = 1;
				DEVELOPMENT_TEAM = P9HCF88VHS;
				GENERATE_INFOPLIST_FILE = YES;
				INFOPLIST_FILE = RookScholar/Info.plist;
				INFOPLIST_KEY_UIApplicationSupportsIndirectInputEvents = YES;
				INFOPLIST_KEY_UILaunchStoryboardName = LaunchScreen;
				INFOPLIST_KEY_UIMainStoryboardFile = Main;
				INFOPLIST_KEY_UISupportedInterfaceOrientations_iPad = "UIInterfaceOrientationPortrait UIInterfaceOrientationPortraitUpsideDown UIInterfaceOrientationLandscapeLeft UIInterfaceOrientationLandscapeRight";
				INFOPLIST_KEY_UISupportedInterfaceOrientations_iPhone = "UIInterfaceOrientationPortrait UIInterfaceOrientationLandscapeLeft UIInterfaceOrientationLandscapeRight";
				LD_RUNPATH_SEARCH_PATHS = (
					"$(inherited)",
					"@executable_path/Frameworks",
				);
				MARKETING_VERSION = 1.0;
				PRODUCT_BUNDLE_IDENTIFIER = com.dany.RookScholar;
				PRODUCT_NAME = "$(TARGET_NAME)";
				SWIFT_EMIT_LOC_STRINGS = YES;
				SWIFT_VERSION = 5.0;
				TARGETED_DEVICE_FAMILY = "1,2";
			};
			name = Release;
		};
/* End XCBuildConfiguration section */

/* Begin XCConfigurationList section */
		222B0E7A29AC99E600905615 /* Build configuration list for PBXProject "RookScholar" */ = {
			isa = XCConfigurationList;
			buildConfigurations = (
				222B0E9129AC99E700905615 /* Debug */,
				222B0E9229AC99E700905615 /* Release */,
			);
			defaultConfigurationIsVisible = 0;
			defaultConfigurationName = Release;
		};
		222B0E9329AC99E700905615 /* Build configuration list for PBXNativeTarget "RookScholar" */ = {
			isa = XCConfigurationList;
			buildConfigurations = (
				222B0E9429AC99E700905615 /* Debug */,
				222B0E9529AC99E700905615 /* Release */,
			);
			defaultConfigurationIsVisible = 0;
			defaultConfigurationName = Release;
		};
/* End XCConfigurationList section */
	};
	rootObject = 222B0E7729AC99E600905615 /* Project object */;
}
